
Microsoft Visual Studio Solution File, Format Version 12.00
# Visual Studio Version 17
VisualStudioVersion = 17.13.35818.85 d17.13
MinimumVisualStudioVersion = 10.0.40219.1
Project("{FAE04EC0-301F-11D3-BF4B-00C04F79EFBC}") = "MySqlAuto", "MySqlAuto\MySqlAuto.csproj", "{145833C9-C9B4-487E-8E43-557869F8892F}"
EndProject
Global
	GlobalSection(SolutionConfigurationPlatforms) = preSolution
		Debug|Any CPU = Debug|Any CPU
		Release|Any CPU = Release|Any CPU
	EndGlobalSection
	GlobalSection(ProjectConfigurationPlatforms) = postSolution
		{145833C9-C9B4-487E-8E43-557869F8892F}.Debug|Any CPU.ActiveCfg = Debug|Any CPU
		{145833C9-C9B4-487E-8E43-557869F8892F}.Debug|Any CPU.Build.0 = Debug|Any CPU
		{145833C9-C9B4-487E-8E43-557869F8892F}.Release|Any CPU.ActiveCfg = Release|Any CPU
		{145833C9-C9B4-487E-8E43-557869F8892F}.Release|Any CPU.Build.0 = Release|Any CPU
	EndGlobalSection
	GlobalSection(SolutionProperties) = preSolution
		HideSolutionNode = FALSE
	EndGlobalSection
	GlobalSection(ExtensibilityGlobals) = postSolution
		SolutionGuid = {729878D8-5953-45DA-912A-1D3EBED37812}
	EndGlobalSection
EndGlobal
